{
  "object": {
    "pins": [
      {
        "package": "VectorClock",
        "repositoryURL": "git@github.com:schwmi/VectorClock.git",
        "state": {
          "branch": null,
          "revision": "41522b19a74c746301d8aff39ee25c68ca459c7c",
          "version": "1.0.1"
        }
      }
    ]
  },
  "version": 1
}
